{
  "version": 4,
  "terraform_version": "1.15.2",
  "serial": 22,
  "lineage": "c30d00d4-45bd-dd20-3356-08ab6b19d1db",
  "outputs": {},
  "resources": [
    {
      "mode": "managed",
      "type": "docker_image",
      "name": "redis",
      "provider": "provider[\"registry.terraform.io/kreuzwerker/docker\"]",
      "instances": [
        {
          "schema_version": 0,
          "attributes": {
            "build": [],
            "force_remove": null,
            "id": "sha256:5068a1b35387fae8c8d5c2b30da50eacbb519b45e97a2524ae4758078fbc77a8redis:alpine",
            "image_id": "sha256:5068a1b35387fae8c8d5c2b30da50eacbb519b45e97a2524ae4758078fbc77a8",
            "keep_locally": null,
            "name": "redis:alpine",
            "platform": null,
            "pull_triggers": null,
            "repo_digest": "redis@sha256:d146f83b1e0f02fc27c26a50cee39338c736674c5959db84363e6ae3cd9e02d2",
            "timeouts": null,
            "triggers": null
          },
          "sensitive_attributes": [],
          "identity_schema_version": 0,
          "private": "eyJlMmJmYjczMC1lY2FhLTExZTYtOGY4OC0zNDM2M2JjN2M0YzAiOnsiY3JlYXRlIjoxMjAwMDAwMDAwMDAwLCJkZWxldGUiOjEyMDAwMDAwMDAwMDAsInVwZGF0ZSI6MTIwMDAwMDAwMDAwMH19"
        }
      ]
    }
  ],
  "check_results": null
}
