{
  "version": 4,
  "terraform_version": "1.15.2",
  "serial": 6,
  "lineage": "e703082b-8107-aa64-161f-f6ef3f2d3b8e",
  "outputs": {},
  "resources": [
    {
      "mode": "managed",
      "type": "github_actions_secret",
      "name": "db_url",
      "provider": "provider[\"registry.terraform.io/integrations/github\"]",
      "instances": [
        {
          "schema_version": 2,
          "attributes": {
            "created_at": "2026-05-12 14:08:41 +0000 UTC",
            "destroy_on_drift": null,
            "encrypted_value": null,
            "id": "tp-terraform-geoffrey-demo:DATABASE_URL",
            "key_id": "3380204578043523366",
            "plaintext_value": "postgresql://user:pass@localhost/mydb",
            "remote_updated_at": "2026-05-12 14:08:41 +0000 UTC",
            "repository": "tp-terraform-geoffrey-demo",
            "repository_id": 1236723131,
            "secret_name": "DATABASE_URL",
            "updated_at": "2026-05-12 14:08:41 +0000 UTC",
            "value": null,
            "value_encrypted": null
          },
          "sensitive_attributes": [
            [
              {
                "type": "get_attr",
                "value": "encrypted_value"
              }
            ],
            [
              {
                "type": "get_attr",
                "value": "plaintext_value"
              }
            ],
            [
              {
                "type": "get_attr",
                "value": "value"
              }
            ],
            [
              {
                "type": "get_attr",
                "value": "value_encrypted"
              }
            ]
          ],
          "identity_schema_version": 0,
          "private": "eyJzY2hlbWFfdmVyc2lvbiI6IjIifQ==",
          "dependencies": [
            "github_repository.app"
          ]
        }
      ]
    },
    {
      "mode": "managed",
      "type": "github_branch_protection",
      "name": "main",
      "provider": "provider[\"registry.terraform.io/integrations/github\"]",
      "instances": [
        {
          "schema_version": 2,
          "attributes": {
            "allows_deletions": false,
            "allows_force_pushes": false,
            "enforce_admins": false,
            "force_push_bypassers": null,
            "id": "BPR_kwDOSbblu84ElIia",
            "lock_branch": false,
            "pattern": "main",
            "repository_id": "R_kgDOSbbluw",
            "require_conversation_resolution": false,
            "require_signed_commits": false,
            "required_linear_history": false,
            "required_pull_request_reviews": [
              {
                "dismiss_stale_reviews": true,
                "dismissal_restrictions": null,
                "pull_request_bypassers": null,
                "require_code_owner_reviews": false,
                "require_last_push_approval": false,
                "required_approving_review_count": 1,
                "restrict_dismissals": false
              }
            ],
            "required_status_checks": [],
            "restrict_pushes": []
          },
          "sensitive_attributes": [],
          "identity_schema_version": 0,
          "private": "eyJzY2hlbWFfdmVyc2lvbiI6IjIifQ==",
          "dependencies": [
            "github_repository.app"
          ]
        }
      ]
    },
    {
      "mode": "managed",
      "type": "github_repository",
      "name": "app",
      "provider": "provider[\"registry.terraform.io/integrations/github\"]",
      "instances": [
        {
          "schema_version": 1,
          "attributes": {
            "allow_auto_merge": false,
            "allow_forking": true,
            "allow_merge_commit": true,
            "allow_rebase_merge": true,
            "allow_squash_merge": true,
            "allow_update_branch": false,
            "archive_on_destroy": null,
            "archived": false,
            "auto_init": true,
            "default_branch": "main",
            "delete_branch_on_merge": false,
            "description": "Dépôt géré par Terraform - DevOps 4A",
            "etag": "W/\"7c385b0f663e744774f717a5cc91197ba23d5db82a5f6c296d9648a51f2f5ad0\"",
            "fork": "false",
            "full_name": "geoffreyibos/tp-terraform-geoffrey-demo",
            "git_clone_url": "git://github.com/geoffreyibos/tp-terraform-geoffrey-demo.git",
            "gitignore_template": null,
            "has_discussions": false,
            "has_downloads": false,
            "has_issues": true,
            "has_projects": false,
            "has_wiki": false,
            "homepage_url": "",
            "html_url": "https://github.com/geoffreyibos/tp-terraform-geoffrey-demo",
            "http_clone_url": "https://github.com/geoffreyibos/tp-terraform-geoffrey-demo.git",
            "id": "tp-terraform-geoffrey-demo",
            "ignore_vulnerability_alerts_during_read": false,
            "is_template": false,
            "license_template": null,
            "merge_commit_message": "PR_TITLE",
            "merge_commit_title": "MERGE_MESSAGE",
            "name": "tp-terraform-geoffrey-demo",
            "node_id": "R_kgDOSbbluw",
            "pages": [],
            "primary_language": "",
            "private": false,
            "repo_id": 1236723131,
            "security_and_analysis": [
              {
                "advanced_security": [],
                "code_security": [],
                "secret_scanning": [
                  {
                    "status": "enabled"
                  }
                ],
                "secret_scanning_ai_detection": [],
                "secret_scanning_non_provider_patterns": [],
                "secret_scanning_push_protection": [
                  {
                    "status": "enabled"
                  }
                ]
              }
            ],
            "source_owner": "",
            "source_repo": "",
            "squash_merge_commit_message": "COMMIT_MESSAGES",
            "squash_merge_commit_title": "COMMIT_OR_PR_TITLE",
            "ssh_clone_url": "git@github.com:geoffreyibos/tp-terraform-geoffrey-demo.git",
            "svn_url": "https://github.com/geoffreyibos/tp-terraform-geoffrey-demo",
            "template": [],
            "topics": [],
            "visibility": "public",
            "vulnerability_alerts": false,
            "web_commit_signoff_required": false
          },
          "sensitive_attributes": [],
          "identity_schema_version": 0,
          "private": "eyJzY2hlbWFfdmVyc2lvbiI6IjEifQ=="
        }
      ]
    }
  ],
  "check_results": null
}
